Microsoft Visual Studio Solution File, Format Version 12.00
# Visual Studio 15
VisualStudioVersion = 15.0.27004.2009
MinimumVisualStudioVersion = 10.0.40219.1
Project("{2150E333-8FDC-42A3-9474-1A3956D46DE8}") = "PlatForms", "PlatForms", "{66198D7D-AB3F-4CAA-A9CD-1F212E0BA9A0}"
EndProject
Project("{6EC3EE1D-3C4E-46DD-8F32-0CC8E7565705}") = "Default", "Platforms\Default\Default.fsproj", "{7351DC57-F7D1-4F24-8194-378F083028F8}"
EndProject
Project("{6EC3EE1D-3C4E-46DD-8F32-0CC8E7565705}") = "Default.Tests", "Platforms\Default.Tests\Default.Tests.fsproj", "{9AB7002B-8466-4C53-BF3F-99DEE031FE4A}"
EndProject
Project("{2150E333-8FDC-42A3-9474-1A3956D46DE8}") = "TestBuilders", "TestBuilders", "{B3EB660B-584A-4D0B-9F5D-87783D19C9BF}"
EndProject
Project("{6EC3EE1D-3C4E-46DD-8F32-0CC8E7565705}") = "Scripting", "TestBuilders\Scripting\Scripting.fsproj", "{0DFB9D68-882B-482E-86D7-314E3458FA57}"
EndProject
Project("{6EC3EE1D-3C4E-46DD-8F32-0CC8E7565705}") = "Scripting.Tests", "TestBuilders\Scripting.Tests\Scripting.Tests.fsproj", "{CDE81107-05F5-42B3-9458-C602030C0D7C}"
EndProject
Project("{2150E333-8FDC-42A3-9474-1A3956D46DE8}") = "Reporters", "Reporters", "{90AC2F4C-57EF-4522-BDCD-3982806C6B3B}"
EndProject
Project("{6EC3EE1D-3C4E-46DD-8F32-0CC8E7565705}") = "ConsoleReporters", "Reporters\Console\ConsoleReporters.fsproj", "{F12D7979-BE47-4166-802B-8FE12ACAC2ED}"
EndProject
Project("{2150E333-8FDC-42A3-9474-1A3956D46DE8}") = "Core", "Core", "{E778E8BF-80A4-4CA8-BC81-BC6192603DE9}"
EndProject
Project("{6EC3EE1D-3C4E-46DD-8F32-0CC8E7565705}") = "SharedTypes", "Core\SharedTypes\SharedTypes.fsproj", "{CD13F611-3E5A-4144-952D-658C10F8501F}"
EndProject
Project("{6EC3EE1D-3C4E-46DD-8F32-0CC8E7565705}") = "SharedTypes.Tests", "Core\SharedTypes.Tests\SharedTypes.Tests.fsproj", "{268905A5-385B-49D4-AEB3-AEC4DD5BAA5C}"
EndProject
Global
	GlobalSection(SolutionConfigurationPlatforms) = preSolution
		Debug|Any CPU = Debug|Any CPU
		Debug|x64 = Debug|x64
		Debug|x86 = Debug|x86
		Release|Any CPU = Release|Any CPU
		Release|x64 = Release|x64
		Release|x86 = Release|x86
	EndGlobalSection
	GlobalSection(ProjectConfigurationPlatforms) = postSolution
		{7351DC57-F7D1-4F24-8194-378F083028F8}.Debug|Any CPU.ActiveCfg = Debug|Any CPU
		{7351DC57-F7D1-4F24-8194-378F083028F8}.Debug|Any CPU.Build.0 = Debug|Any CPU
		{7351DC57-F7D1-4F24-8194-378F083028F8}.Debug|x64.ActiveCfg = Debug|Any CPU
		{7351DC57-F7D1-4F24-8194-378F083028F8}.Debug|x64.Build.0 = Debug|Any CPU
		{7351DC57-F7D1-4F24-8194-378F083028F8}.Debug|x86.ActiveCfg = Debug|Any CPU
		{7351DC57-F7D1-4F24-8194-378F083028F8}.Debug|x86.Build.0 = Debug|Any CPU
		{7351DC57-F7D1-4F24-8194-378F083028F8}.Release|Any CPU.ActiveCfg = Release|Any CPU
		{7351DC57-F7D1-4F24-8194-378F083028F8}.Release|Any CPU.Build.0 = Release|Any CPU
		{7351DC57-F7D1-4F24-8194-378F083028F8}.Release|x64.ActiveCfg = Release|Any CPU
		{7351DC57-F7D1-4F24-8194-378F083028F8}.Release|x64.Build.0 = Release|Any CPU
		{7351DC57-F7D1-4F24-8194-378F083028F8}.Release|x86.ActiveCfg = Release|Any CPU
		{7351DC57-F7D1-4F24-8194-378F083028F8}.Release|x86.Build.0 = Release|Any CPU
		{9AB7002B-8466-4C53-BF3F-99DEE031FE4A}.Debug|Any CPU.ActiveCfg = Debug|Any CPU
		{9AB7002B-8466-4C53-BF3F-99DEE031FE4A}.Debug|Any CPU.Build.0 = Debug|Any CPU
		{9AB7002B-8466-4C53-BF3F-99DEE031FE4A}.Debug|x64.ActiveCfg = Debug|Any CPU
		{9AB7002B-8466-4C53-BF3F-99DEE031FE4A}.Debug|x64.Build.0 = Debug|Any CPU
		{9AB7002B-8466-4C53-BF3F-99DEE031FE4A}.Debug|x86.ActiveCfg = Debug|Any CPU
		{9AB7002B-8466-4C53-BF3F-99DEE031FE4A}.Debug|x86.Build.0 = Debug|Any CPU
		{9AB7002B-8466-4C53-BF3F-99DEE031FE4A}.Release|Any CPU.ActiveCfg = Release|Any CPU
		{9AB7002B-8466-4C53-BF3F-99DEE031FE4A}.Release|Any CPU.Build.0 = Release|Any CPU
		{9AB7002B-8466-4C53-BF3F-99DEE031FE4A}.Release|x64.ActiveCfg = Release|Any CPU
		{9AB7002B-8466-4C53-BF3F-99DEE031FE4A}.Release|x64.Build.0 = Release|Any CPU
		{9AB7002B-8466-4C53-BF3F-99DEE031FE4A}.Release|x86.ActiveCfg = Release|Any CPU
		{9AB7002B-8466-4C53-BF3F-99DEE031FE4A}.Release|x86.Build.0 = Release|Any CPU
		{0DFB9D68-882B-482E-86D7-314E3458FA57}.Debug|Any CPU.ActiveCfg = Debug|Any CPU
		{0DFB9D68-882B-482E-86D7-314E3458FA57}.Debug|Any CPU.Build.0 = Debug|Any CPU
		{0DFB9D68-882B-482E-86D7-314E3458FA57}.Debug|x64.ActiveCfg = Debug|Any CPU
		{0DFB9D68-882B-482E-86D7-314E3458FA57}.Debug|x64.Build.0 = Debug|Any CPU
		{0DFB9D68-882B-482E-86D7-314E3458FA57}.Debug|x86.ActiveCfg = Debug|Any CPU
		{0DFB9D68-882B-482E-86D7-314E3458FA57}.Debug|x86.Build.0 = Debug|Any CPU
		{0DFB9D68-882B-482E-86D7-314E3458FA57}.Release|Any CPU.ActiveCfg = Release|Any CPU
		{0DFB9D68-882B-482E-86D7-314E3458FA57}.Release|Any CPU.Build.0 = Release|Any CPU
		{0DFB9D68-882B-482E-86D7-314E3458FA57}.Release|x64.ActiveCfg = Release|Any CPU
		{0DFB9D68-882B-482E-86D7-314E3458FA57}.Release|x64.Build.0 = Release|Any CPU
		{0DFB9D68-882B-482E-86D7-314E3458FA57}.Release|x86.ActiveCfg = Release|Any CPU
		{0DFB9D68-882B-482E-86D7-314E3458FA57}.Release|x86.Build.0 = Release|Any CPU
		{CDE81107-05F5-42B3-9458-C602030C0D7C}.Debug|Any CPU.ActiveCfg = Debug|Any CPU
		{CDE81107-05F5-42B3-9458-C602030C0D7C}.Debug|Any CPU.Build.0 = Debug|Any CPU
		{CDE81107-05F5-42B3-9458-C602030C0D7C}.Debug|x64.ActiveCfg = Debug|Any CPU
		{CDE81107-05F5-42B3-9458-C602030C0D7C}.Debug|x64.Build.0 = Debug|Any CPU
		{CDE81107-05F5-42B3-9458-C602030C0D7C}.Debug|x86.ActiveCfg = Debug|Any CPU
		{CDE81107-05F5-42B3-9458-C602030C0D7C}.Debug|x86.Build.0 = Debug|Any CPU
		{CDE81107-05F5-42B3-9458-C602030C0D7C}.Release|Any CPU.ActiveCfg = Release|Any CPU
		{CDE81107-05F5-42B3-9458-C602030C0D7C}.Release|Any CPU.Build.0 = Release|Any CPU
		{CDE81107-05F5-42B3-9458-C602030C0D7C}.Release|x64.ActiveCfg = Release|Any CPU
		{CDE81107-05F5-42B3-9458-C602030C0D7C}.Release|x64.Build.0 = Release|Any CPU
		{CDE81107-05F5-42B3-9458-C602030C0D7C}.Release|x86.ActiveCfg = Release|Any CPU
		{CDE81107-05F5-42B3-9458-C602030C0D7C}.Release|x86.Build.0 = Release|Any CPU
		{F12D7979-BE47-4166-802B-8FE12ACAC2ED}.Debug|Any CPU.ActiveCfg = Debug|Any CPU
		{F12D7979-BE47-4166-802B-8FE12ACAC2ED}.Debug|Any CPU.Build.0 = Debug|Any CPU
		{F12D7979-BE47-4166-802B-8FE12ACAC2ED}.Debug|x64.ActiveCfg = Debug|Any CPU
		{F12D7979-BE47-4166-802B-8FE12ACAC2ED}.Debug|x64.Build.0 = Debug|Any CPU
		{F12D7979-BE47-4166-802B-8FE12ACAC2ED}.Debug|x86.ActiveCfg = Debug|Any CPU
		{F12D7979-BE47-4166-802B-8FE12ACAC2ED}.Debug|x86.Build.0 = Debug|Any CPU
		{F12D7979-BE47-4166-802B-8FE12ACAC2ED}.Release|Any CPU.ActiveCfg = Release|Any CPU
		{F12D7979-BE47-4166-802B-8FE12ACAC2ED}.Release|Any CPU.Build.0 = Release|Any CPU
		{F12D7979-BE47-4166-802B-8FE12ACAC2ED}.Release|x64.ActiveCfg = Release|Any CPU
		{F12D7979-BE47-4166-802B-8FE12ACAC2ED}.Release|x64.Build.0 = Release|Any CPU
		{F12D7979-BE47-4166-802B-8FE12ACAC2ED}.Release|x86.ActiveCfg = Release|Any CPU
		{F12D7979-BE47-4166-802B-8FE12ACAC2ED}.Release|x86.Build.0 = Release|Any CPU
		{CD13F611-3E5A-4144-952D-658C10F8501F}.Debug|Any CPU.ActiveCfg = Debug|Any CPU
		{CD13F611-3E5A-4144-952D-658C10F8501F}.Debug|Any CPU.Build.0 = Debug|Any CPU
		{CD13F611-3E5A-4144-952D-658C10F8501F}.Debug|x64.ActiveCfg = Debug|Any CPU
		{CD13F611-3E5A-4144-952D-658C10F8501F}.Debug|x64.Build.0 = Debug|Any CPU
		{CD13F611-3E5A-4144-952D-658C10F8501F}.Debug|x86.ActiveCfg = Debug|Any CPU
		{CD13F611-3E5A-4144-952D-658C10F8501F}.Debug|x86.Build.0 = Debug|Any CPU
		{CD13F611-3E5A-4144-952D-658C10F8501F}.Release|Any CPU.ActiveCfg = Release|Any CPU
		{CD13F611-3E5A-4144-952D-658C10F8501F}.Release|Any CPU.Build.0 = Release|Any CPU
		{CD13F611-3E5A-4144-952D-658C10F8501F}.Release|x64.ActiveCfg = Release|Any CPU
		{CD13F611-3E5A-4144-952D-658C10F8501F}.Release|x64.Build.0 = Release|Any CPU
		{CD13F611-3E5A-4144-952D-658C10F8501F}.Release|x86.ActiveCfg = Release|Any CPU
		{CD13F611-3E5A-4144-952D-658C10F8501F}.Release|x86.Build.0 = Release|Any CPU
		{268905A5-385B-49D4-AEB3-AEC4DD5BAA5C}.Debug|Any CPU.ActiveCfg = Debug|Any CPU
		{268905A5-385B-49D4-AEB3-AEC4DD5BAA5C}.Debug|Any CPU.Build.0 = Debug|Any CPU
		{268905A5-385B-49D4-AEB3-AEC4DD5BAA5C}.Debug|x64.ActiveCfg = Debug|Any CPU
		{268905A5-385B-49D4-AEB3-AEC4DD5BAA5C}.Debug|x64.Build.0 = Debug|Any CPU
		{268905A5-385B-49D4-AEB3-AEC4DD5BAA5C}.Debug|x86.ActiveCfg = Debug|Any CPU
		{268905A5-385B-49D4-AEB3-AEC4DD5BAA5C}.Debug|x86.Build.0 = Debug|Any CPU
		{268905A5-385B-49D4-AEB3-AEC4DD5BAA5C}.Release|Any CPU.ActiveCfg = Release|Any CPU
		{268905A5-385B-49D4-AEB3-AEC4DD5BAA5C}.Release|Any CPU.Build.0 = Release|Any CPU
		{268905A5-385B-49D4-AEB3-AEC4DD5BAA5C}.Release|x64.ActiveCfg = Release|Any CPU
		{268905A5-385B-49D4-AEB3-AEC4DD5BAA5C}.Release|x64.Build.0 = Release|Any CPU
		{268905A5-385B-49D4-AEB3-AEC4DD5BAA5C}.Release|x86.ActiveCfg = Release|Any CPU
		{268905A5-385B-49D4-AEB3-AEC4DD5BAA5C}.Release|x86.Build.0 = Release|Any CPU
	EndGlobalSection
	GlobalSection(SolutionProperties) = preSolution
		HideSolutionNode = FALSE
	EndGlobalSection
	GlobalSection(NestedProjects) = preSolution
		{7351DC57-F7D1-4F24-8194-378F083028F8} = {66198D7D-AB3F-4CAA-A9CD-1F212E0BA9A0}
		{9AB7002B-8466-4C53-BF3F-99DEE031FE4A} = {66198D7D-AB3F-4CAA-A9CD-1F212E0BA9A0}
		{0DFB9D68-882B-482E-86D7-314E3458FA57} = {B3EB660B-584A-4D0B-9F5D-87783D19C9BF}
		{CDE81107-05F5-42B3-9458-C602030C0D7C} = {B3EB660B-584A-4D0B-9F5D-87783D19C9BF}
		{F12D7979-BE47-4166-802B-8FE12ACAC2ED} = {90AC2F4C-57EF-4522-BDCD-3982806C6B3B}
		{CD13F611-3E5A-4144-952D-658C10F8501F} = {E778E8BF-80A4-4CA8-BC81-BC6192603DE9}
		{268905A5-385B-49D4-AEB3-AEC4DD5BAA5C} = {E778E8BF-80A4-4CA8-BC81-BC6192603DE9}
	EndGlobalSection
	GlobalSection(ExtensibilityGlobals) = postSolution
		SolutionGuid = {E4E9BF90-58E6-44A0-B0D1-40D5570BEA51}
	EndGlobalSection
EndGlobal
